
Microsoft Visual Studio Solution File, Format Version 12.00
# Visual Studio Version 17
VisualStudioVersion = 17.11.35312.102
MinimumVisualStudioVersion = 10.0.40219.1
Project("{FAE04EC0-301F-11D3-BF4B-00C04F79EFBC}") = "Pratik-Yol Arkadaşı-Tatil Uygulaması", "Pratik-Yol Arkadaşı-Tatil Uygulaması\Pratik-Yol Arkadaşı-Tatil Uygulaması.csproj", "{E1DB9514-41F8-42A4-9F38-9EEF8E241BE4}"
EndProject
Global
	GlobalSection(SolutionConfigurationPlatforms) = preSolution
		Debug|Any CPU = Debug|Any CPU
		Release|Any CPU = Release|Any CPU
	EndGlobalSection
	GlobalSection(ProjectConfigurationPlatforms) = postSolution
		{E1DB9514-41F8-42A4-9F38-9EEF8E241BE4}.Debug|Any CPU.ActiveCfg = Debug|Any CPU
		{E1DB9514-41F8-42A4-9F38-9EEF8E241BE4}.Debug|Any CPU.Build.0 = Debug|Any CPU
		{E1DB9514-41F8-42A4-9F38-9EEF8E241BE4}.Release|Any CPU.ActiveCfg = Release|Any CPU
		{E1DB9514-41F8-42A4-9F38-9EEF8E241BE4}.Release|Any CPU.Build.0 = Release|Any CPU
	EndGlobalSection
	GlobalSection(SolutionProperties) = preSolution
		HideSolutionNode = FALSE
	EndGlobalSection
	GlobalSection(ExtensibilityGlobals) = postSolution
		SolutionGuid = {97441041-193E-4CC5-B667-602B6BAC00DC}
	EndGlobalSection
EndGlobal
